// !$*UTF8*$!
{
	archiveVersion = 1;
	classes = {
	};
	objectVersion = 46;
	objects = {

/* Begin PBXBuildFile section */
		D3E74DFD1C0EEE6C0038D773 /* AppDelegate.swift in Sources */ = {isa = PBXBuildFile; fileRef = D3E74DFC1C0EEE6C0038D773 /* AppDelegate.swift */; };
		D3E74DFF1C0EEE6C0038D773 /* ViewController.swift in Sources */ = {isa = PBXBuildFile; fileRef = D3E74DFE1C0EEE6C0038D773 /* ViewController.swift */; };
		D3E74E021C0EEE6C0038D773 /* Main.storyboard in Resources */ = {isa = PBXBuildFile; fileRef = D3E74E001C0EEE6C0038D773 /* Main.storyboard */; };
		D3E74E041C0EEE6C0038D773 /* Images.xcassets in Resources */ = {isa = PBXBuildFile; fileRef = D3E74E031C0EEE6C0038D773 /* Images.xcassets */; };
		D3E74E071C0EEE6C0038D773 /* LaunchScreen.xib in Resources */ = {isa = PBXBuildFile; fileRef = D3E74E051C0EEE6C0038D773 /* LaunchScreen.xib */; };
		D3E74E131C0EEE6D0038D773 /* Downloading_Web_ContentTests.swift in Sources */ = {isa = PBXBuildFile; fileRef = D3E74E121C0EEE6D0038D773 /* Downloading_Web_ContentTests.swift */; };
/* End PBXBuildFile section */

/* Begin PBXContainerItemProxy section */
		D3E74E0D1C0EEE6D0038D773 /* PBXContainerItemProxy */ = {
			isa = PBXContainerItemProxy;
			containerPortal = D3E74DEF1C0EEE6C0038D773 /* Project object */;
			proxyType = 1;
			remoteGlobalIDString = D3E74DF61C0EEE6C0038D773;
			remoteInfo = "Downloading Web Content";
		};
/* End PBXContainerItemProxy section */

/* Begin PBXFileReference section */
		D3E74DF71C0EEE6C0038D773 /* Downloading Web Content.app */ = {isa = PBXFileReference; explicitFileType = wrapper.application; includeInIndex = 0; path = "Downloading Web Content.app"; sourceTree = BUILT_PRODUCTS_DIR; };
		D3E74DFB1C0EEE6C0038D773 /* Info.plist */ = {isa = PBXFileReference; lastKnownFileType = text.plist.xml; path = Info.plist; sourceTree = "<group>"; };
		D3E74DFC1C0EEE6C0038D773 /* AppDelegate.swift */ = {isa = PBXFileReference; lastKnownFileType = sourcecode.swift; path = AppDelegate.swift; sourceTree = "<group>"; };
		D3E74DFE1C0EEE6C0038D773 /* ViewController.swift */ = {isa = PBXFileReference; lastKnownFileType = sourcecode.swift; path = ViewController.swift; sourceTree = "<group>"; };
		D3E74E011C0EEE6C0038D773 /* Base */ = {isa = PBXFileReference; lastKnownFileType = file.storyboard; name = Base; path = Base.lproj/Main.storyboard; sourceTree = "<group>"; };
		D3E74E031C0EEE6C0038D773 /* Images.xcassets */ = {isa = PBXFileReference; lastKnownFileType = folder.assetcatalog; path = Images.xcassets; sourceTree = "<group>"; };
		D3E74E061C0EEE6C0038D773 /* Base */ = {isa = PBXFileReference; lastKnownFileType = file.xib; name = Base; path = Base.lproj/LaunchScreen.xib; sourceTree = "<group>"; };
		D3E74E0C1C0EEE6D0038D773 /* Downloading Web ContentTests.xctest */ = {isa = PBXFileReference; explicitFileType = wrapper.cfbundle; includeInIndex = 0; path = "Downloading Web ContentTests.xctest"; sourceTree = BUILT_PRODUCTS_DIR; };
		D3E74E111C0EEE6D0038D773 /* Info.plist */ = {isa = PBXFileReference; lastKnownFileType = text.plist.xml; path = Info.plist; sourceTree = "<group>"; };
		D3E74E121C0EEE6D0038D773 /* Downloading_Web_ContentTests.swift */ = {isa = PBXFileReference; lastKnownFileType = sourcecode.swift; path = Downloading_Web_ContentTests.swift; sourceTree = "<group>"; };
/* End PBXFileReference section */

/* Begin PBXFrameworksBuildPhase section */
		D3E74DF41C0EEE6C0038D773 /* Frameworks */ = {
			isa = PBXFrameworksBuildPhase;
			buildActionMask = 2147483647;
			files = (
			);
			runOnlyForDeploymentPostprocessing = 0;
		};
		D3E74E091C0EEE6D0038D773 /* Frameworks */ = {
			isa = PBXFrameworksBuildPhase;
			buildActionMask = 2147483647;
			files = (
			);
			runOnlyForDeploymentPostprocessing = 0;
		};
/* End PBXFrameworksBuildPhase section */

/* Begin PBXGroup section */
		D3E74DEE1C0EEE6C0038D773 = {
			isa = PBXGroup;
			children = (
				D3E74DF91C0EEE6C0038D773 /* Downloading Web Content */,
				D3E74E0F1C0EEE6D0038D773 /* Downloading Web ContentTests */,
				D3E74DF81C0EEE6C0038D773 /* Products */,
			);
			sourceTree = "<group>";
		};
		D3E74DF81C0EEE6C0038D773 /* Products */ = {
			isa = PBXGroup;
			children = (
				D3E74DF71C0EEE6C0038D773 /* Downloading Web Content.app */,
				D3E74E0C1C0EEE6D0038D773 /* Downloading Web ContentTests.xctest */,
			);
			name = Products;
			sourceTree = "<group>";
		};
		D3E74DF91C0EEE6C0038D773 /* Downloading Web Content */ = {
			isa = PBXGroup;
			children = (
				D3E74DFC1C0EEE6C0038D773 /* AppDelegate.swift */,
				D3E74DFE1C0EEE6C0038D773 /* ViewController.swift */,
				D3E74E001C0EEE6C0038D773 /* Main.storyboard */,
				D3E74E031C0EEE6C0038D773 /* Images.xcassets */,
				D3E74E051C0EEE6C0038D773 /* LaunchScreen.xib */,
				D3E74DFA1C0EEE6C0038D773 /* Supporting Files */,
			);
			path = "Downloading Web Content";
			sourceTree = "<group>";
		};
		D3E74DFA1C0EEE6C0038D773 /* Supporting Files */ = {
			isa = PBXGroup;
			children = (
				D3E74DFB1C0EEE6C0038D773 /* Info.plist */,
			);
			name = "Supporting Files";
			sourceTree = "<group>";
		};
		D3E74E0F1C0EEE6D0038D773 /* Downloading Web ContentTests */ = {
			isa = PBXGroup;
			children = (
				D3E74E121C0EEE6D0038D773 /* Downloading_Web_ContentTests.swift */,
				D3E74E101C0EEE6D0038D773 /* Supporting Files */,
			);
			path = "Downloading Web ContentTests";
			sourceTree = "<group>";
		};
		D3E74E101C0EEE6D0038D773 /* Supporting Files */ = {
			isa = PBXGroup;
			children = (
				D3E74E111C0EEE6D0038D773 /* Info.plist */,
			);
			name = "Supporting Files";
			sourceTree = "<group>";
		};
/* End PBXGroup section */

/* Begin PBXNativeTarget section */
		D3E74DF61C0EEE6C0038D773 /* Downloading Web Content */ = {
			isa = PBXNativeTarget;
			buildConfigurationList = D3E74E161C0EEE6D0038D773 /* Build configuration list for PBXNativeTarget "Downloading Web Content" */;
			buildPhases = (
				D3E74DF31C0EEE6C0038D773 /* Sources */,
				D3E74DF41C0EEE6C0038D773 /* Frameworks */,
				D3E74DF51C0EEE6C0038D773 /* Resources */,
			);
			buildRules = (
			);
			dependencies = (
			);
			name = "Downloading Web Content";
			productName = "Downloading Web Content";
			productReference = D3E74DF71C0EEE6C0038D773 /* Downloading Web Content.app */;
			productType = "com.apple.product-type.application";
		};
		D3E74E0B1C0EEE6D0038D773 /* Downloading Web ContentTests */ = {
			isa = PBXNativeTarget;
			buildConfigurationList = D3E74E191C0EEE6D0038D773 /* Build configuration list for PBXNativeTarget "Downloading Web ContentTests" */;
			buildPhases = (
				D3E74E081C0EEE6D0038D773 /* Sources */,
				D3E74E091C0EEE6D0038D773 /* Frameworks */,
				D3E74E0A1C0EEE6D0038D773 /* Resources */,
			);
			buildRules = (
			);
			dependencies = (
				D3E74E0E1C0EEE6D0038D773 /* PBXTargetDependency */,
			);
			name = "Downloading Web ContentTests";
			productName = "Downloading Web ContentTests";
			productReference = D3E74E0C1C0EEE6D0038D773 /* Downloading Web ContentTests.xctest */;
			productType = "com.apple.product-type.bundle.unit-test";
		};
/* End PBXNativeTarget section */

/* Begin PBXProject section */
		D3E74DEF1C0EEE6C0038D773 /* Project object */ = {
			isa = PBXProject;
			attributes = {
				LastUpgradeCheck = 0640;
				ORGANIZATIONNAME = Example;
				TargetAttributes = {
					D3E74DF61C0EEE6C0038D773 = {
						CreatedOnToolsVersion = 6.4;
					};
					D3E74E0B1C0EEE6D0038D773 = {
						CreatedOnToolsVersion = 6.4;
						TestTargetID = D3E74DF61C0EEE6C0038D773;
					};
				};
			};
			buildConfigurationList = D3E74DF21C0EEE6C0038D773 /* Build configuration list for PBXProject "Downloading Web Content" */;
			compatibilityVersion = "Xcode 3.2";
			developmentRegion = English;
			hasScannedForEncodings = 0;
			knownRegions = (
				en,
				Base,
			);
			mainGroup = D3E74DEE1C0EEE6C0038D773;
			productRefGroup = D3E74DF81C0EEE6C0038D773 /* Products */;
			projectDirPath = "";
			projectRoot = "";
			targets = (
				D3E74DF61C0EEE6C0038D773 /* Downloading Web Content */,
				D3E74E0B1C0EEE6D0038D773 /* Downloading Web ContentTests */,
			);
		};
/* End PBXProject section */

/* Begin PBXResourcesBuildPhase section */
		D3E74DF51C0EEE6C0038D773 /* Resources */ = {
			isa = PBXResourcesBuildPhase;
			buildActionMask = 2147483647;
			files = (
				D3E74E021C0EEE6C0038D773 /* Main.storyboard in Resources */,
				D3E74E071C0EEE6C0038D773 /* LaunchScreen.xib in Resources */,
				D3E74E041C0EEE6C0038D773 /* Images.xcassets in Resources */,
			);
			runOnlyForDeploymentPostprocessing = 0;
		};
		D3E74E0A1C0EEE6D0038D773 /* Resources */ = {
			isa = PBXResourcesBuildPhase;
			buildActionMask = 2147483647;
			files = (
			);
			runOnlyForDeploymentPostprocessing = 0;
		};
/* End PBXResourcesBuildPhase section */

/* Begin PBXSourcesBuildPhase section */
		D3E74DF31C0EEE6C0038D773 /* Sources */ = {
			isa = PBXSourcesBuildPhase;
			buildActionMask = 2147483647;
			files = (
				D3E74DFF1C0EEE6C0038D773 /* ViewController.swift in Sources */,
				D3E74DFD1C0EEE6C0038D773 /* AppDelegate.swift in Sources */,
			);
			runOnlyForDeploymentPostprocessing = 0;
		};
		D3E74E081C0EEE6D0038D773 /* Sources */ = {
			isa = PBXSourcesBuildPhase;
			buildActionMask = 2147483647;
			files = (
				D3E74E131C0EEE6D0038D773 /* Downloading_Web_ContentTests.swift in Sources */,
			);
			runOnlyForDeploymentPostprocessing = 0;
		};
/* End PBXSourcesBuildPhase section */

/* Begin PBXTargetDependency section */
		D3E74E0E1C0EEE6D0038D773 /* PBXTargetDependency */ = {
			isa = PBXTargetDependency;
			target = D3E74DF61C0EEE6C0038D773 /* Downloading Web Content */;
			targetProxy = D3E74E0D1C0EEE6D0038D773 /* PBXContainerItemProxy */;
		};
/* End PBXTargetDependency section */

/* Begin PBXVariantGroup section */
		D3E74E001C0EEE6C0038D773 /* Main.storyboard */ = {
			isa = PBXVariantGroup;
			children = (
				D3E74E011C0EEE6C0038D773 /* Base */,
			);
			name = Main.storyboard;
			sourceTree = "<group>";
		};
		D3E74E051C0EEE6C0038D773 /* LaunchScreen.xib */ = {
			isa = PBXVariantGroup;
			children = (
				D3E74E061C0EEE6C0038D773 /* Base */,
			);
			name = LaunchScreen.xib;
			sourceTree = "<group>";
		};
/* End PBXVariantGroup section */

/* Begin XCBuildConfiguration section */
		D3E74E141C0EEE6D0038D773 /* Debug */ = {
			isa = XCBuildConfiguration;
			buildSettings = {
				ALWAYS_SEARCH_USER_PATHS = NO;
				CLANG_CXX_LANGUAGE_STANDARD = "gnu++0x";
				CLANG_CXX_LIBRARY = "libc++";
				CLANG_ENABLE_MODULES = YES;
				CLANG_ENABLE_OBJC_ARC = YES;
				CLANG_WARN_BOOL_CONVERSION = YES;
				CLANG_WARN_CONSTANT_CONVERSION = YES;
				CLANG_WARN_DIRECT_OBJC_ISA_USAGE = YES_ERROR;
				CLANG_WARN_EMPTY_BODY = YES;
				CLANG_WARN_ENUM_CONVERSION = YES;
				CLANG_WARN_INT_CONVERSION = YES;
				CLANG_WARN_OBJC_ROOT_CLASS = YES_ERROR;
				CLANG_WARN_UNREACHABLE_CODE = YES;
				CLANG_WARN__DUPLICATE_METHOD_MATCH = YES;
				"CODE_SIGN_IDENTITY[sdk=iphoneos*]" = "iPhone Developer";
				COPY_PHASE_STRIP = NO;
				DEBUG_INFORMATION_FORMAT = "dwarf-with-dsym";
				ENABLE_STRICT_OBJC_MSGSEND = YES;
				GCC_C_LANGUAGE_STANDARD = gnu99;
				GCC_DYNAMIC_NO_PIC = NO;
				GCC_NO_COMMON_BLOCKS = YES;
				GCC_OPTIMIZATION_LEVEL = 0;
				GCC_PREPROCESSOR_DEFINITIONS = (
					"DEBUG=1",
					"$(inherited)",
				);
				GCC_SYMBOLS_PRIVATE_EXTERN = NO;
				GCC_WARN_64_TO_32_BIT_CONVERSION = YES;
				GCC_WARN_ABOUT_RETURN_TYPE = YES_ERROR;
				GCC_WARN_UNDECLARED_SELECTOR = YES;
				GCC_WARN_UNINITIALIZED_AUTOS = YES_AGGRESSIVE;
				GCC_WARN_UNUSED_FUNCTION = YES;
				GCC_WARN_UNUSED_VARIABLE = YES;
				IPHONEOS_DEPLOYMENT_TARGET = 8.4;
				MTL_ENABLE_DEBUG_INFO = YES;
				ONLY_ACTIVE_ARCH = YES;
				SDKROOT = iphoneos;
				SWIFT_OPTIMIZATION_LEVEL = "-Onone";
			};
			name = Debug;
		};
		D3E74E151C0EEE6D0038D773 /* Release */ = {
			isa = XCBuildConfiguration;
			buildSettings = {
				ALWAYS_SEARCH_USER_PATHS = NO;
				CLANG_CXX_LANGUAGE_STANDARD = "gnu++0x";
				CLANG_CXX_LIBRARY = "libc++";
				CLANG_ENABLE_MODULES = YES;
				CLANG_ENABLE_OBJC_ARC = YES;
				CLANG_WARN_BOOL_CONVERSION = YES;
				CLANG_WARN_CONSTANT_CONVERSION = YES;
				CLANG_WARN_DIRECT_OBJC_ISA_USAGE = YES_ERROR;
				CLANG_WARN_EMPTY_BODY = YES;
				CLANG_WARN_ENUM_CONVERSION = YES;
				CLANG_WARN_INT_CONVERSION = YES;
				CLANG_WARN_OBJC_ROOT_CLASS = YES_ERROR;
				CLANG_WARN_UNREACHABLE_CODE = YES;
				CLANG_WARN__DUPLICATE_METHOD_MATCH = YES;
				"CODE_SIGN_IDENTITY[sdk=iphoneos*]" = "iPhone Developer";
				COPY_PHASE_STRIP = NO;
				DEBUG_INFORMATION_FORMAT = "dwarf-with-dsym";
				ENABLE_NS_ASSERTIONS = NO;
				ENABLE_STRICT_OBJC_MSGSEND = YES;
				GCC_C_LANGUAGE_STANDARD = gnu99;
				GCC_NO_COMMON_BLOCKS = YES;
				GCC_WARN_64_TO_32_BIT_CONVERSION = YES;
				GCC_WARN_ABOUT_RETURN_TYPE = YES_ERROR;
				GCC_WARN_UNDECLARED_SELECTOR = YES;
				GCC_WARN_UNINITIALIZED_AUTOS = YES_AGGRESSIVE;
				GCC_WARN_UNUSED_FUNCTION = YES;
				GCC_WARN_UNUSED_VARIABLE = YES;
				IPHONEOS_DEPLOYMENT_TARGET = 8.4;
				MTL_ENABLE_DEBUG_INFO = NO;
				SDKROOT = iphoneos;
				VALIDATE_PRODUCT = YES;
			};
			name = Release;
		};
		D3E74E171C0EEE6D0038D773 /* Debug */ = {
			isa = XCBuildConfiguration;
			buildSettings = {
				ASSETCATALOG_COMPILER_APPICON_NAME = AppIcon;
				INFOPLIST_FILE = "Downloading Web Content/Info.plist";
				LD_RUNPATH_SEARCH_PATHS = "$(inherited) @executable_path/Frameworks";
				PRODUCT_NAME = "$(TARGET_NAME)";
			};
			name = Debug;
		};
		D3E74E181C0EEE6D0038D773 /* Release */ = {
			isa = XCBuildConfiguration;
			buildSettings = {
				ASSETCATALOG_COMPILER_APPICON_NAME = AppIcon;
				INFOPLIST_FILE = "Downloading Web Content/Info.plist";
				LD_RUNPATH_SEARCH_PATHS = "$(inherited) @executable_path/Frameworks";
				PRODUCT_NAME = "$(TARGET_NAME)";
			};
			name = Release;
		};
		D3E74E1A1C0EEE6D0038D773 /* Debug */ = {
			isa = XCBuildConfiguration;
			buildSettings = {
				BUNDLE_LOADER = "$(TEST_HOST)";
				FRAMEWORK_SEARCH_PATHS = (
					"$(SDKROOT)/Developer/Library/Frameworks",
					"$(inherited)",
				);
				GCC_PREPROCESSOR_DEFINITIONS = (
					"DEBUG=1",
					"$(inherited)",
				);
				INFOPLIST_FILE = "Downloading Web ContentTests/Info.plist";
				LD_RUNPATH_SEARCH_PATHS = "$(inherited) @executable_path/Frameworks @loader_path/Frameworks";
				PRODUCT_NAME = "$(TARGET_NAME)";
				TEST_HOST = "$(BUILT_PRODUCTS_DIR)/Downloading Web Content.app/Downloading Web Content";
			};
			name = Debug;
		};
		D3E74E1B1C0EEE6D0038D773 /* Release */ = {
			isa = XCBuildConfiguration;
			buildSettings = {
				BUNDLE_LOADER = "$(TEST_HOST)";
				FRAMEWORK_SEARCH_PATHS = (
					"$(SDKROOT)/Developer/Library/Frameworks",
					"$(inherited)",
				);
				INFOPLIST_FILE = "Downloading Web ContentTests/Info.plist";
				LD_RUNPATH_SEARCH_PATHS = "$(inherited) @executable_path/Frameworks @loader_path/Frameworks";
				PRODUCT_NAME = "$(TARGET_NAME)";
				TEST_HOST = "$(BUILT_PRODUCTS_DIR)/Downloading Web Content.app/Downloading Web Content";
			};
			name = Release;
		};
/* End XCBuildConfiguration section */

/* Begin XCConfigurationList section */
		D3E74DF21C0EEE6C0038D773 /* Build configuration list for PBXProject "Downloading Web Content" */ = {
			isa = XCConfigurationList;
			buildConfigurations = (
				D3E74E141C0EEE6D0038D773 /* Debug */,
				D3E74E151C0EEE6D0038D773 /* Release */,
			);
			defaultConfigurationIsVisible = 0;
			defaultConfigurationName = Release;
		};
		D3E74E161C0EEE6D0038D773 /* Build configuration list for PBXNativeTarget "Downloading Web Content" */ = {
			isa = XCConfigurationList;
			buildConfigurations = (
				D3E74E171C0EEE6D0038D773 /* Debug */,
				D3E74E181C0EEE6D0038D773 /* Release */,
			);
			defaultConfigurationIsVisible = 0;
		};
		D3E74E191C0EEE6D0038D773 /* Build configuration list for PBXNativeTarget "Downloading Web ContentTests" */ = {
			isa = XCConfigurationList;
			buildConfigurations = (
				D3E74E1A1C0EEE6D0038D773 /* Debug */,
				D3E74E1B1C0EEE6D0038D773 /* Release */,
			);
			defaultConfigurationIsVisible = 0;
		};
/* End XCConfigurationList section */
	};
	rootObject = D3E74DEF1C0EEE6C0038D773 /* Project object */;
}
